
Microsoft Visual Studio Solution File, Format Version 12.00
# Visual Studio Version 17
VisualStudioVersion = 17.5.002.0
MinimumVisualStudioVersion = 10.0.40219.1
Project("{2150E333-8FDC-42A3-9474-1A3956D46DE8}") = "Homework #1", "Homework #1", "{1C245E20-D73C-46A0-A771-629E1EC0C44D}"
EndProject
Project("{9A19103F-16F7-4668-BE54-9A1E7A4F7556}") = "Homework #1", "Homework #1\Task 1\Homework #1.csproj", "{83256F97-3512-4478-9D29-6EA7604E432C}"
EndProject
Project("{9A19103F-16F7-4668-BE54-9A1E7A4F7556}") = "Task 2", "Homework #1\Task 2\Task 2.csproj", "{998B088A-2E18-4E70-8A28-503F5980EE39}"
EndProject
Project("{9A19103F-16F7-4668-BE54-9A1E7A4F7556}") = "Task 3", "Homework #1\Task 3\Task 3.csproj", "{A89CD7BC-3A6C-4EF2-8B2B-4F8E8916616A}"
EndProject
Project("{9A19103F-16F7-4668-BE54-9A1E7A4F7556}") = "Task 4", "Homework #1\Task 4\Task 4.csproj", "{9213F4FE-F893-46D6-9588-A00D5C7E526E}"
EndProject
Project("{2150E333-8FDC-42A3-9474-1A3956D46DE8}") = "Homework #2", "Homework #2", "{35DE1403-30EB-4CB0-AC43-BA2800945222}"
EndProject
Project("{9A19103F-16F7-4668-BE54-9A1E7A4F7556}") = "Homework #2", "Homework #2\Task 1\Homework #2.csproj", "{2A5283F5-71B2-4205-8310-FF705963435A}"
EndProject
Project("{9A19103F-16F7-4668-BE54-9A1E7A4F7556}") = "Task 2", "Homework #2\Task 2\Task 2.csproj", "{0D62656B-5F8B-46A2-9EC5-5333958175B5}"
EndProject
Project("{9A19103F-16F7-4668-BE54-9A1E7A4F7556}") = "Task 3", "Homework #2\Task 3\Task 3.csproj", "{504E4ADC-C968-4A56-972D-432E9651A79E}"
EndProject
Project("{2150E333-8FDC-42A3-9474-1A3956D46DE8}") = "Homework #3", "Homework #3", "{8B464C37-354C-427D-90AF-1F13D33506D4}"
EndProject
Project("{9A19103F-16F7-4668-BE54-9A1E7A4F7556}") = "Task 1", "Homework #3\Task 1\Task 1.csproj", "{2C491D58-A159-42DE-9102-0F4971703355}"
EndProject
Project("{9A19103F-16F7-4668-BE54-9A1E7A4F7556}") = "Task 2", "Homework #3\Task 2\Task 2.csproj", "{37601A5D-6EF9-4A2B-B067-449E8782348A}"
EndProject
Project("{9A19103F-16F7-4668-BE54-9A1E7A4F7556}") = "Task 3", "Homework #3\Task 3\Task 3.csproj", "{2E471DA8-8447-4AF1-9976-C6D642A551BA}"
EndProject
Project("{2150E333-8FDC-42A3-9474-1A3956D46DE8}") = "Homework #4", "Homework #4", "{1CD9CA26-6404-42F9-A189-EAD9F695F15A}"
EndProject
Project("{9A19103F-16F7-4668-BE54-9A1E7A4F7556}") = "Task 1", "Homework #4\Task 1\Task 1.csproj", "{0F2AD0B8-A064-46DE-9F5A-CA1F23686CD5}"
EndProject
Project("{9A19103F-16F7-4668-BE54-9A1E7A4F7556}") = "Task 2", "Homework #4\Task 2\Task 2.csproj", "{5AF699A6-7DBE-455E-86CF-06E01AFF9DB0}"
EndProject
Project("{9A19103F-16F7-4668-BE54-9A1E7A4F7556}") = "Task 3", "Homework #4\Task 3\Task 3.csproj", "{FD492490-42DC-46EF-ACC9-F77ED1A6430F}"
EndProject
Global
	GlobalSection(SolutionConfigurationPlatforms) = preSolution
		Debug|Any CPU = Debug|Any CPU
		Release|Any CPU = Release|Any CPU
	EndGlobalSection
	GlobalSection(ProjectConfigurationPlatforms) = postSolution
		{83256F97-3512-4478-9D29-6EA7604E432C}.Debug|Any CPU.ActiveCfg = Debug|Any CPU
		{83256F97-3512-4478-9D29-6EA7604E432C}.Debug|Any CPU.Build.0 = Debug|Any CPU
		{83256F97-3512-4478-9D29-6EA7604E432C}.Release|Any CPU.ActiveCfg = Release|Any CPU
		{83256F97-3512-4478-9D29-6EA7604E432C}.Release|Any CPU.Build.0 = Release|Any CPU
		{998B088A-2E18-4E70-8A28-503F5980EE39}.Debug|Any CPU.ActiveCfg = Debug|Any CPU
		{998B088A-2E18-4E70-8A28-503F5980EE39}.Debug|Any CPU.Build.0 = Debug|Any CPU
		{998B088A-2E18-4E70-8A28-503F5980EE39}.Release|Any CPU.ActiveCfg = Release|Any CPU
		{998B088A-2E18-4E70-8A28-503F5980EE39}.Release|Any CPU.Build.0 = Release|Any CPU
		{A89CD7BC-3A6C-4EF2-8B2B-4F8E8916616A}.Debug|Any CPU.ActiveCfg = Debug|Any CPU
		{A89CD7BC-3A6C-4EF2-8B2B-4F8E8916616A}.Debug|Any CPU.Build.0 = Debug|Any CPU
		{A89CD7BC-3A6C-4EF2-8B2B-4F8E8916616A}.Release|Any CPU.ActiveCfg = Release|Any CPU
		{A89CD7BC-3A6C-4EF2-8B2B-4F8E8916616A}.Release|Any CPU.Build.0 = Release|Any CPU
		{9213F4FE-F893-46D6-9588-A00D5C7E526E}.Debug|Any CPU.ActiveCfg = Debug|Any CPU
		{9213F4FE-F893-46D6-9588-A00D5C7E526E}.Debug|Any CPU.Build.0 = Debug|Any CPU
		{9213F4FE-F893-46D6-9588-A00D5C7E526E}.Release|Any CPU.ActiveCfg = Release|Any CPU
		{9213F4FE-F893-46D6-9588-A00D5C7E526E}.Release|Any CPU.Build.0 = Release|Any CPU
		{2A5283F5-71B2-4205-8310-FF705963435A}.Debug|Any CPU.ActiveCfg = Debug|Any CPU
		{2A5283F5-71B2-4205-8310-FF705963435A}.Debug|Any CPU.Build.0 = Debug|Any CPU
		{2A5283F5-71B2-4205-8310-FF705963435A}.Release|Any CPU.ActiveCfg = Release|Any CPU
		{2A5283F5-71B2-4205-8310-FF705963435A}.Release|Any CPU.Build.0 = Release|Any CPU
		{0D62656B-5F8B-46A2-9EC5-5333958175B5}.Debug|Any CPU.ActiveCfg = Debug|Any CPU
		{0D62656B-5F8B-46A2-9EC5-5333958175B5}.Debug|Any CPU.Build.0 = Debug|Any CPU
		{0D62656B-5F8B-46A2-9EC5-5333958175B5}.Release|Any CPU.ActiveCfg = Release|Any CPU
		{0D62656B-5F8B-46A2-9EC5-5333958175B5}.Release|Any CPU.Build.0 = Release|Any CPU
		{504E4ADC-C968-4A56-972D-432E9651A79E}.Debug|Any CPU.ActiveCfg = Debug|Any CPU
		{504E4ADC-C968-4A56-972D-432E9651A79E}.Debug|Any CPU.Build.0 = Debug|Any CPU
		{504E4ADC-C968-4A56-972D-432E9651A79E}.Release|Any CPU.ActiveCfg = Release|Any CPU
		{504E4ADC-C968-4A56-972D-432E9651A79E}.Release|Any CPU.Build.0 = Release|Any CPU
		{2C491D58-A159-42DE-9102-0F4971703355}.Debug|Any CPU.ActiveCfg = Debug|Any CPU
		{2C491D58-A159-42DE-9102-0F4971703355}.Debug|Any CPU.Build.0 = Debug|Any CPU
		{2C491D58-A159-42DE-9102-0F4971703355}.Release|Any CPU.ActiveCfg = Release|Any CPU
		{2C491D58-A159-42DE-9102-0F4971703355}.Release|Any CPU.Build.0 = Release|Any CPU
		{37601A5D-6EF9-4A2B-B067-449E8782348A}.Debug|Any CPU.ActiveCfg = Debug|Any CPU
		{37601A5D-6EF9-4A2B-B067-449E8782348A}.Debug|Any CPU.Build.0 = Debug|Any CPU
		{37601A5D-6EF9-4A2B-B067-449E8782348A}.Release|Any CPU.ActiveCfg = Release|Any CPU
		{37601A5D-6EF9-4A2B-B067-449E8782348A}.Release|Any CPU.Build.0 = Release|Any CPU
		{2E471DA8-8447-4AF1-9976-C6D642A551BA}.Debug|Any CPU.ActiveCfg = Debug|Any CPU
		{2E471DA8-8447-4AF1-9976-C6D642A551BA}.Debug|Any CPU.Build.0 = Debug|Any CPU
		{2E471DA8-8447-4AF1-9976-C6D642A551BA}.Release|Any CPU.ActiveCfg = Release|Any CPU
		{2E471DA8-8447-4AF1-9976-C6D642A551BA}.Release|Any CPU.Build.0 = Release|Any CPU
		{0F2AD0B8-A064-46DE-9F5A-CA1F23686CD5}.Debug|Any CPU.ActiveCfg = Debug|Any CPU
		{0F2AD0B8-A064-46DE-9F5A-CA1F23686CD5}.Debug|Any CPU.Build.0 = Debug|Any CPU
		{0F2AD0B8-A064-46DE-9F5A-CA1F23686CD5}.Release|Any CPU.ActiveCfg = Release|Any CPU
		{0F2AD0B8-A064-46DE-9F5A-CA1F23686CD5}.Release|Any CPU.Build.0 = Release|Any CPU
		{5AF699A6-7DBE-455E-86CF-06E01AFF9DB0}.Debug|Any CPU.ActiveCfg = Debug|Any CPU
		{5AF699A6-7DBE-455E-86CF-06E01AFF9DB0}.Debug|Any CPU.Build.0 = Debug|Any CPU
		{5AF699A6-7DBE-455E-86CF-06E01AFF9DB0}.Release|Any CPU.ActiveCfg = Release|Any CPU
		{5AF699A6-7DBE-455E-86CF-06E01AFF9DB0}.Release|Any CPU.Build.0 = Release|Any CPU
		{FD492490-42DC-46EF-ACC9-F77ED1A6430F}.Debug|Any CPU.ActiveCfg = Debug|Any CPU
		{FD492490-42DC-46EF-ACC9-F77ED1A6430F}.Debug|Any CPU.Build.0 = Debug|Any CPU
		{FD492490-42DC-46EF-ACC9-F77ED1A6430F}.Release|Any CPU.ActiveCfg = Release|Any CPU
		{FD492490-42DC-46EF-ACC9-F77ED1A6430F}.Release|Any CPU.Build.0 = Release|Any CPU
	EndGlobalSection
	GlobalSection(SolutionProperties) = preSolution
		HideSolutionNode = FALSE
	EndGlobalSection
	GlobalSection(NestedProjects) = preSolution
		{83256F97-3512-4478-9D29-6EA7604E432C} = {1C245E20-D73C-46A0-A771-629E1EC0C44D}
		{998B088A-2E18-4E70-8A28-503F5980EE39} = {1C245E20-D73C-46A0-A771-629E1EC0C44D}
		{A89CD7BC-3A6C-4EF2-8B2B-4F8E8916616A} = {1C245E20-D73C-46A0-A771-629E1EC0C44D}
		{9213F4FE-F893-46D6-9588-A00D5C7E526E} = {1C245E20-D73C-46A0-A771-629E1EC0C44D}
		{2A5283F5-71B2-4205-8310-FF705963435A} = {35DE1403-30EB-4CB0-AC43-BA2800945222}
		{0D62656B-5F8B-46A2-9EC5-5333958175B5} = {35DE1403-30EB-4CB0-AC43-BA2800945222}
		{504E4ADC-C968-4A56-972D-432E9651A79E} = {35DE1403-30EB-4CB0-AC43-BA2800945222}
		{2C491D58-A159-42DE-9102-0F4971703355} = {8B464C37-354C-427D-90AF-1F13D33506D4}
		{37601A5D-6EF9-4A2B-B067-449E8782348A} = {8B464C37-354C-427D-90AF-1F13D33506D4}
		{2E471DA8-8447-4AF1-9976-C6D642A551BA} = {8B464C37-354C-427D-90AF-1F13D33506D4}
		{0F2AD0B8-A064-46DE-9F5A-CA1F23686CD5} = {1CD9CA26-6404-42F9-A189-EAD9F695F15A}
		{5AF699A6-7DBE-455E-86CF-06E01AFF9DB0} = {1CD9CA26-6404-42F9-A189-EAD9F695F15A}
		{FD492490-42DC-46EF-ACC9-F77ED1A6430F} = {1CD9CA26-6404-42F9-A189-EAD9F695F15A}
	EndGlobalSection
	GlobalSection(ExtensibilityGlobals) = postSolution
		SolutionGuid = {8382F996-C80B-40CE-A849-6CDDAD807C3A}
	EndGlobalSection
EndGlobal
